
Microsoft Visual Studio Solution File, Format Version 12.00
# Visual Studio Version 16
VisualStudioVersion = 16.0.29519.87
MinimumVisualStudioVersion = 10.0.40219.1
Project("{9A19103F-16F7-4668-BE54-9A1E7A4F7556}") = "Taxi.Common", "Taxi.Common\Taxi.Common.csproj", "{C45736CC-1729-4016-8113-3F65FE77D498}"
EndProject
Project("{9A19103F-16F7-4668-BE54-9A1E7A4F7556}") = "Taxi.Web", "Taxi.Web\Taxi.Web.csproj", "{41016D8B-902B-4F48-A7BD-59846DEA7557}"
EndProject
Project("{9A19103F-16F7-4668-BE54-9A1E7A4F7556}") = "Taxi.Prism", "Taxi.Prism\Taxi.Prism\Taxi.Prism.csproj", "{B909136B-A5C3-4932-8594-CEA025E4E4C4}"
EndProject
Project("{FAE04EC0-301F-11D3-BF4B-00C04F79EFBC}") = "Taxi.Prism.Android", "Taxi.Prism\Taxi.Prism.Android\Taxi.Prism.Android.csproj", "{05CF903E-3347-411E-8741-F2641CD3CFDE}"
EndProject
Project("{FAE04EC0-301F-11D3-BF4B-00C04F79EFBC}") = "Taxi.Prism.iOS", "Taxi.Prism\Taxi.Prism.iOS\Taxi.Prism.iOS.csproj", "{DA84CED2-953B-4E5D-B639-C62568ECB791}"
EndProject
Project("{FAE04EC0-301F-11D3-BF4B-00C04F79EFBC}") = "Taxi.Cross.Android", "Taxi.Cross.Android\Taxi.Cross.Android.csproj", "{FF7B60CA-82D6-4907-85ED-A27395DC93DA}"
EndProject
Project("{FAE04EC0-301F-11D3-BF4B-00C04F79EFBC}") = "Taxi.Cross.iOS", "Taxi.Cross.iOS\Taxi.Cross.iOS.csproj", "{593B8E13-C7C3-4293-BE64-62D3B6EF99AE}"
EndProject
Global
	GlobalSection(SolutionConfigurationPlatforms) = preSolution
		Ad-Hoc|Any CPU = Ad-Hoc|Any CPU
		Ad-Hoc|iPhone = Ad-Hoc|iPhone
		Ad-Hoc|iPhoneSimulator = Ad-Hoc|iPhoneSimulator
		AppStore|Any CPU = AppStore|Any CPU
		AppStore|iPhone = AppStore|iPhone
		AppStore|iPhoneSimulator = AppStore|iPhoneSimulator
		Debug|Any CPU = Debug|Any CPU
		Debug|iPhone = Debug|iPhone
		Debug|iPhoneSimulator = Debug|iPhoneSimulator
		Release|Any CPU = Release|Any CPU
		Release|iPhone = Release|iPhone
		Release|iPhoneSimulator = Release|iPhoneSimulator
	EndGlobalSection
	GlobalSection(ProjectConfigurationPlatforms) = postSolution
		{C45736CC-1729-4016-8113-3F65FE77D498}.Ad-Hoc|Any CPU.ActiveCfg = Release|Any CPU
		{C45736CC-1729-4016-8113-3F65FE77D498}.Ad-Hoc|Any CPU.Build.0 = Release|Any CPU
		{C45736CC-1729-4016-8113-3F65FE77D498}.Ad-Hoc|iPhone.ActiveCfg = Release|Any CPU
		{C45736CC-1729-4016-8113-3F65FE77D498}.Ad-Hoc|iPhone.Build.0 = Release|Any CPU
		{C45736CC-1729-4016-8113-3F65FE77D498}.Ad-Hoc|iPhoneSimulator.ActiveCfg = Release|Any CPU
		{C45736CC-1729-4016-8113-3F65FE77D498}.Ad-Hoc|iPhoneSimulator.Build.0 = Release|Any CPU
		{C45736CC-1729-4016-8113-3F65FE77D498}.AppStore|Any CPU.ActiveCfg = Release|Any CPU
		{C45736CC-1729-4016-8113-3F65FE77D498}.AppStore|Any CPU.Build.0 = Release|Any CPU
		{C45736CC-1729-4016-8113-3F65FE77D498}.AppStore|iPhone.ActiveCfg = Release|Any CPU
		{C45736CC-1729-4016-8113-3F65FE77D498}.AppStore|iPhone.Build.0 = Release|Any CPU
		{C45736CC-1729-4016-8113-3F65FE77D498}.AppStore|iPhoneSimulator.ActiveCfg = Release|Any CPU
		{C45736CC-1729-4016-8113-3F65FE77D498}.AppStore|iPhoneSimulator.Build.0 = Release|Any CPU
		{C45736CC-1729-4016-8113-3F65FE77D498}.Debug|Any CPU.ActiveCfg = Debug|Any CPU
		{C45736CC-1729-4016-8113-3F65FE77D498}.Debug|Any CPU.Build.0 = Debug|Any CPU
		{C45736CC-1729-4016-8113-3F65FE77D498}.Debug|iPhone.ActiveCfg = Debug|Any CPU
		{C45736CC-1729-4016-8113-3F65FE77D498}.Debug|iPhone.Build.0 = Debug|Any CPU
		{C45736CC-1729-4016-8113-3F65FE77D498}.Debug|iPhoneSimulator.ActiveCfg = Debug|Any CPU
		{C45736CC-1729-4016-8113-3F65FE77D498}.Debug|iPhoneSimulator.Build.0 = Debug|Any CPU
		{C45736CC-1729-4016-8113-3F65FE77D498}.Release|Any CPU.ActiveCfg = Release|Any CPU
		{C45736CC-1729-4016-8113-3F65FE77D498}.Release|Any CPU.Build.0 = Release|Any CPU
		{C45736CC-1729-4016-8113-3F65FE77D498}.Release|iPhone.ActiveCfg = Release|Any CPU
		{C45736CC-1729-4016-8113-3F65FE77D498}.Release|iPhone.Build.0 = Release|Any CPU
		{C45736CC-1729-4016-8113-3F65FE77D498}.Release|iPhoneSimulator.ActiveCfg = Release|Any CPU
		{C45736CC-1729-4016-8113-3F65FE77D498}.Release|iPhoneSimulator.Build.0 = Release|Any CPU
		{41016D8B-902B-4F48-A7BD-59846DEA7557}.Ad-Hoc|Any CPU.ActiveCfg = Release|Any CPU
		{41016D8B-902B-4F48-A7BD-59846DEA7557}.Ad-Hoc|Any CPU.Build.0 = Release|Any CPU
		{41016D8B-902B-4F48-A7BD-59846DEA7557}.Ad-Hoc|iPhone.ActiveCfg = Release|Any CPU
		{41016D8B-902B-4F48-A7BD-59846DEA7557}.Ad-Hoc|iPhone.Build.0 = Release|Any CPU
		{41016D8B-902B-4F48-A7BD-59846DEA7557}.Ad-Hoc|iPhoneSimulator.ActiveCfg = Release|Any CPU
		{41016D8B-902B-4F48-A7BD-59846DEA7557}.Ad-Hoc|iPhoneSimulator.Build.0 = Release|Any CPU
		{41016D8B-902B-4F48-A7BD-59846DEA7557}.AppStore|Any CPU.ActiveCfg = Release|Any CPU
		{41016D8B-902B-4F48-A7BD-59846DEA7557}.AppStore|Any CPU.Build.0 = Release|Any CPU
		{41016D8B-902B-4F48-A7BD-59846DEA7557}.AppStore|iPhone.ActiveCfg = Release|Any CPU
		{41016D8B-902B-4F48-A7BD-59846DEA7557}.AppStore|iPhone.Build.0 = Release|Any CPU
		{41016D8B-902B-4F48-A7BD-59846DEA7557}.AppStore|iPhoneSimulator.ActiveCfg = Release|Any CPU
		{41016D8B-902B-4F48-A7BD-59846DEA7557}.AppStore|iPhoneSimulator.Build.0 = Release|Any CPU
		{41016D8B-902B-4F48-A7BD-59846DEA7557}.Debug|Any CPU.ActiveCfg = Debug|Any CPU
		{41016D8B-902B-4F48-A7BD-59846DEA7557}.Debug|Any CPU.Build.0 = Debug|Any CPU
		{41016D8B-902B-4F48-A7BD-59846DEA7557}.Debug|iPhone.ActiveCfg = Debug|Any CPU
		{41016D8B-902B-4F48-A7BD-59846DEA7557}.Debug|iPhone.Build.0 = Debug|Any CPU
		{41016D8B-902B-4F48-A7BD-59846DEA7557}.Debug|iPhoneSimulator.ActiveCfg = Debug|Any CPU
		{41016D8B-902B-4F48-A7BD-59846DEA7557}.Debug|iPhoneSimulator.Build.0 = Debug|Any CPU
		{41016D8B-902B-4F48-A7BD-59846DEA7557}.Release|Any CPU.ActiveCfg = Release|Any CPU
		{41016D8B-902B-4F48-A7BD-59846DEA7557}.Release|Any CPU.Build.0 = Release|Any CPU
		{41016D8B-902B-4F48-A7BD-59846DEA7557}.Release|iPhone.ActiveCfg = Release|Any CPU
		{41016D8B-902B-4F48-A7BD-59846DEA7557}.Release|iPhone.Build.0 = Release|Any CPU
		{41016D8B-902B-4F48-A7BD-59846DEA7557}.Release|iPhoneSimulator.ActiveCfg = Release|Any CPU
		{41016D8B-902B-4F48-A7BD-59846DEA7557}.Release|iPhoneSimulator.Build.0 = Release|Any CPU
		{B909136B-A5C3-4932-8594-CEA025E4E4C4}.Ad-Hoc|Any CPU.ActiveCfg = Debug|Any CPU
		{B909136B-A5C3-4932-8594-CEA025E4E4C4}.Ad-Hoc|Any CPU.Build.0 = Debug|Any CPU
		{B909136B-A5C3-4932-8594-CEA025E4E4C4}.Ad-Hoc|iPhone.ActiveCfg = Debug|Any CPU
		{B909136B-A5C3-4932-8594-CEA025E4E4C4}.Ad-Hoc|iPhone.Build.0 = Debug|Any CPU
		{B909136B-A5C3-4932-8594-CEA025E4E4C4}.Ad-Hoc|iPhoneSimulator.ActiveCfg = Debug|Any CPU
		{B909136B-A5C3-4932-8594-CEA025E4E4C4}.Ad-Hoc|iPhoneSimulator.Build.0 = Debug|Any CPU
		{B909136B-A5C3-4932-8594-CEA025E4E4C4}.AppStore|Any CPU.ActiveCfg = Debug|Any CPU
		{B909136B-A5C3-4932-8594-CEA025E4E4C4}.AppStore|Any CPU.Build.0 = Debug|Any CPU
		{B909136B-A5C3-4932-8594-CEA025E4E4C4}.AppStore|iPhone.ActiveCfg = Debug|Any CPU
		{B909136B-A5C3-4932-8594-CEA025E4E4C4}.AppStore|iPhone.Build.0 = Debug|Any CPU
		{B909136B-A5C3-4932-8594-CEA025E4E4C4}.AppStore|iPhoneSimulator.ActiveCfg = Debug|Any CPU
		{B909136B-A5C3-4932-8594-CEA025E4E4C4}.AppStore|iPhoneSimulator.Build.0 = Debug|Any CPU
		{B909136B-A5C3-4932-8594-CEA025E4E4C4}.Debug|Any CPU.ActiveCfg = Debug|Any CPU
		{B909136B-A5C3-4932-8594-CEA025E4E4C4}.Debug|Any CPU.Build.0 = Debug|Any CPU
		{B909136B-A5C3-4932-8594-CEA025E4E4C4}.Debug|iPhone.ActiveCfg = Debug|Any CPU
		{B909136B-A5C3-4932-8594-CEA025E4E4C4}.Debug|iPhone.Build.0 = Debug|Any CPU
		{B909136B-A5C3-4932-8594-CEA025E4E4C4}.Debug|iPhoneSimulator.ActiveCfg = Debug|Any CPU
		{B909136B-A5C3-4932-8594-CEA025E4E4C4}.Debug|iPhoneSimulator.Build.0 = Debug|Any CPU
		{B909136B-A5C3-4932-8594-CEA025E4E4C4}.Release|Any CPU.ActiveCfg = Release|Any CPU
		{B909136B-A5C3-4932-8594-CEA025E4E4C4}.Release|Any CPU.Build.0 = Release|Any CPU
		{B909136B-A5C3-4932-8594-CEA025E4E4C4}.Release|iPhone.ActiveCfg = Release|Any CPU
		{B909136B-A5C3-4932-8594-CEA025E4E4C4}.Release|iPhone.Build.0 = Release|Any CPU
		{B909136B-A5C3-4932-8594-CEA025E4E4C4}.Release|iPhoneSimulator.ActiveCfg = Release|Any CPU
		{B909136B-A5C3-4932-8594-CEA025E4E4C4}.Release|iPhoneSimulator.Build.0 = Release|Any CPU
		{05CF903E-3347-411E-8741-F2641CD3CFDE}.Ad-Hoc|Any CPU.ActiveCfg = Release|Any CPU
		{05CF903E-3347-411E-8741-F2641CD3CFDE}.Ad-Hoc|Any CPU.Build.0 = Release|Any CPU
		{05CF903E-3347-411E-8741-F2641CD3CFDE}.Ad-Hoc|Any CPU.Deploy.0 = Release|Any CPU
		{05CF903E-3347-411E-8741-F2641CD3CFDE}.Ad-Hoc|iPhone.ActiveCfg = Release|Any CPU
		{05CF903E-3347-411E-8741-F2641CD3CFDE}.Ad-Hoc|iPhone.Build.0 = Release|Any CPU
		{05CF903E-3347-411E-8741-F2641CD3CFDE}.Ad-Hoc|iPhone.Deploy.0 = Release|Any CPU
		{05CF903E-3347-411E-8741-F2641CD3CFDE}.Ad-Hoc|iPhoneSimulator.ActiveCfg = Release|Any CPU
		{05CF903E-3347-411E-8741-F2641CD3CFDE}.Ad-Hoc|iPhoneSimulator.Build.0 = Release|Any CPU
		{05CF903E-3347-411E-8741-F2641CD3CFDE}.Ad-Hoc|iPhoneSimulator.Deploy.0 = Release|Any CPU
		{05CF903E-3347-411E-8741-F2641CD3CFDE}.AppStore|Any CPU.ActiveCfg = Release|Any CPU
		{05CF903E-3347-411E-8741-F2641CD3CFDE}.AppStore|Any CPU.Build.0 = Release|Any CPU
		{05CF903E-3347-411E-8741-F2641CD3CFDE}.AppStore|Any CPU.Deploy.0 = Release|Any CPU
		{05CF903E-3347-411E-8741-F2641CD3CFDE}.AppStore|iPhone.ActiveCfg = Release|Any CPU
		{05CF903E-3347-411E-8741-F2641CD3CFDE}.AppStore|iPhone.Build.0 = Release|Any CPU
		{05CF903E-3347-411E-8741-F2641CD3CFDE}.AppStore|iPhone.Deploy.0 = Release|Any CPU
		{05CF903E-3347-411E-8741-F2641CD3CFDE}.AppStore|iPhoneSimulator.ActiveCfg = Release|Any CPU
		{05CF903E-3347-411E-8741-F2641CD3CFDE}.AppStore|iPhoneSimulator.Build.0 = Release|Any CPU
		{05CF903E-3347-411E-8741-F2641CD3CFDE}.AppStore|iPhoneSimulator.Deploy.0 = Release|Any CPU
		{05CF903E-3347-411E-8741-F2641CD3CFDE}.Debug|Any CPU.ActiveCfg = Debug|Any CPU
		{05CF903E-3347-411E-8741-F2641CD3CFDE}.Debug|Any CPU.Build.0 = Debug|Any CPU
		{05CF903E-3347-411E-8741-F2641CD3CFDE}.Debug|Any CPU.Deploy.0 = Debug|Any CPU
		{05CF903E-3347-411E-8741-F2641CD3CFDE}.Debug|iPhone.ActiveCfg = Debug|Any CPU
		{05CF903E-3347-411E-8741-F2641CD3CFDE}.Debug|iPhone.Build.0 = Debug|Any CPU
		{05CF903E-3347-411E-8741-F2641CD3CFDE}.Debug|iPhone.Deploy.0 = Debug|Any CPU
		{05CF903E-3347-411E-8741-F2641CD3CFDE}.Debug|iPhoneSimulator.ActiveCfg = Debug|Any CPU
		{05CF903E-3347-411E-8741-F2641CD3CFDE}.Debug|iPhoneSimulator.Build.0 = Debug|Any CPU
		{05CF903E-3347-411E-8741-F2641CD3CFDE}.Debug|iPhoneSimulator.Deploy.0 = Debug|Any CPU
		{05CF903E-3347-411E-8741-F2641CD3CFDE}.Release|Any CPU.ActiveCfg = Release|Any CPU
		{05CF903E-3347-411E-8741-F2641CD3CFDE}.Release|Any CPU.Build.0 = Release|Any CPU
		{05CF903E-3347-411E-8741-F2641CD3CFDE}.Release|Any CPU.Deploy.0 = Release|Any CPU
		{05CF903E-3347-411E-8741-F2641CD3CFDE}.Release|iPhone.ActiveCfg = Release|Any CPU
		{05CF903E-3347-411E-8741-F2641CD3CFDE}.Release|iPhone.Build.0 = Release|Any CPU
		{05CF903E-3347-411E-8741-F2641CD3CFDE}.Release|iPhone.Deploy.0 = Release|Any CPU
		{05CF903E-3347-411E-8741-F2641CD3CFDE}.Release|iPhoneSimulator.ActiveCfg = Release|Any CPU
		{05CF903E-3347-411E-8741-F2641CD3CFDE}.Release|iPhoneSimulator.Build.0 = Release|Any CPU
		{05CF903E-3347-411E-8741-F2641CD3CFDE}.Release|iPhoneSimulator.Deploy.0 = Release|Any CPU
		{DA84CED2-953B-4E5D-B639-C62568ECB791}.Ad-Hoc|Any CPU.ActiveCfg = Ad-Hoc|iPhone
		{DA84CED2-953B-4E5D-B639-C62568ECB791}.Ad-Hoc|iPhone.ActiveCfg = Ad-Hoc|iPhone
		{DA84CED2-953B-4E5D-B639-C62568ECB791}.Ad-Hoc|iPhone.Build.0 = Ad-Hoc|iPhone
		{DA84CED2-953B-4E5D-B639-C62568ECB791}.Ad-Hoc|iPhoneSimulator.ActiveCfg = Ad-Hoc|iPhoneSimulator
		{DA84CED2-953B-4E5D-B639-C62568ECB791}.Ad-Hoc|iPhoneSimulator.Build.0 = Ad-Hoc|iPhoneSimulator
		{DA84CED2-953B-4E5D-B639-C62568ECB791}.AppStore|Any CPU.ActiveCfg = AppStore|iPhone
		{DA84CED2-953B-4E5D-B639-C62568ECB791}.AppStore|iPhone.ActiveCfg = AppStore|iPhone
		{DA84CED2-953B-4E5D-B639-C62568ECB791}.AppStore|iPhone.Build.0 = AppStore|iPhone
		{DA84CED2-953B-4E5D-B639-C62568ECB791}.AppStore|iPhoneSimulator.ActiveCfg = AppStore|iPhoneSimulator
		{DA84CED2-953B-4E5D-B639-C62568ECB791}.AppStore|iPhoneSimulator.Build.0 = AppStore|iPhoneSimulator
		{DA84CED2-953B-4E5D-B639-C62568ECB791}.Debug|Any CPU.ActiveCfg = Debug|iPhone
		{DA84CED2-953B-4E5D-B639-C62568ECB791}.Debug|iPhone.ActiveCfg = Debug|iPhone
		{DA84CED2-953B-4E5D-B639-C62568ECB791}.Debug|iPhone.Build.0 = Debug|iPhone
		{DA84CED2-953B-4E5D-B639-C62568ECB791}.Debug|iPhoneSimulator.ActiveCfg = Debug|iPhoneSimulator
		{DA84CED2-953B-4E5D-B639-C62568ECB791}.Debug|iPhoneSimulator.Build.0 = Debug|iPhoneSimulator
		{DA84CED2-953B-4E5D-B639-C62568ECB791}.Release|Any CPU.ActiveCfg = Release|iPhone
		{DA84CED2-953B-4E5D-B639-C62568ECB791}.Release|iPhone.ActiveCfg = Release|iPhone
		{DA84CED2-953B-4E5D-B639-C62568ECB791}.Release|iPhone.Build.0 = Release|iPhone
		{DA84CED2-953B-4E5D-B639-C62568ECB791}.Release|iPhoneSimulator.ActiveCfg = Release|iPhoneSimulator
		{DA84CED2-953B-4E5D-B639-C62568ECB791}.Release|iPhoneSimulator.Build.0 = Release|iPhoneSimulator
		{FF7B60CA-82D6-4907-85ED-A27395DC93DA}.Ad-Hoc|Any CPU.ActiveCfg = Release|Any CPU
		{FF7B60CA-82D6-4907-85ED-A27395DC93DA}.Ad-Hoc|Any CPU.Build.0 = Release|Any CPU
		{FF7B60CA-82D6-4907-85ED-A27395DC93DA}.Ad-Hoc|Any CPU.Deploy.0 = Release|Any CPU
		{FF7B60CA-82D6-4907-85ED-A27395DC93DA}.Ad-Hoc|iPhone.ActiveCfg = Release|Any CPU
		{FF7B60CA-82D6-4907-85ED-A27395DC93DA}.Ad-Hoc|iPhone.Build.0 = Release|Any CPU
		{FF7B60CA-82D6-4907-85ED-A27395DC93DA}.Ad-Hoc|iPhone.Deploy.0 = Release|Any CPU
		{FF7B60CA-82D6-4907-85ED-A27395DC93DA}.Ad-Hoc|iPhoneSimulator.ActiveCfg = Release|Any CPU
		{FF7B60CA-82D6-4907-85ED-A27395DC93DA}.Ad-Hoc|iPhoneSimulator.Build.0 = Release|Any CPU
		{FF7B60CA-82D6-4907-85ED-A27395DC93DA}.Ad-Hoc|iPhoneSimulator.Deploy.0 = Release|Any CPU
		{FF7B60CA-82D6-4907-85ED-A27395DC93DA}.AppStore|Any CPU.ActiveCfg = Release|Any CPU
		{FF7B60CA-82D6-4907-85ED-A27395DC93DA}.AppStore|Any CPU.Build.0 = Release|Any CPU
		{FF7B60CA-82D6-4907-85ED-A27395DC93DA}.AppStore|Any CPU.Deploy.0 = Release|Any CPU
		{FF7B60CA-82D6-4907-85ED-A27395DC93DA}.AppStore|iPhone.ActiveCfg = Release|Any CPU
		{FF7B60CA-82D6-4907-85ED-A27395DC93DA}.AppStore|iPhone.Build.0 = Release|Any CPU
		{FF7B60CA-82D6-4907-85ED-A27395DC93DA}.AppStore|iPhone.Deploy.0 = Release|Any CPU
		{FF7B60CA-82D6-4907-85ED-A27395DC93DA}.AppStore|iPhoneSimulator.ActiveCfg = Release|Any CPU
		{FF7B60CA-82D6-4907-85ED-A27395DC93DA}.AppStore|iPhoneSimulator.Build.0 = Release|Any CPU
		{FF7B60CA-82D6-4907-85ED-A27395DC93DA}.AppStore|iPhoneSimulator.Deploy.0 = Release|Any CPU
		{FF7B60CA-82D6-4907-85ED-A27395DC93DA}.Debug|Any CPU.ActiveCfg = Debug|Any CPU
		{FF7B60CA-82D6-4907-85ED-A27395DC93DA}.Debug|Any CPU.Build.0 = Debug|Any CPU
		{FF7B60CA-82D6-4907-85ED-A27395DC93DA}.Debug|Any CPU.Deploy.0 = Debug|Any CPU
		{FF7B60CA-82D6-4907-85ED-A27395DC93DA}.Debug|iPhone.ActiveCfg = Debug|Any CPU
		{FF7B60CA-82D6-4907-85ED-A27395DC93DA}.Debug|iPhone.Build.0 = Debug|Any CPU
		{FF7B60CA-82D6-4907-85ED-A27395DC93DA}.Debug|iPhone.Deploy.0 = Debug|Any CPU
		{FF7B60CA-82D6-4907-85ED-A27395DC93DA}.Debug|iPhoneSimulator.ActiveCfg = Debug|Any CPU
		{FF7B60CA-82D6-4907-85ED-A27395DC93DA}.Debug|iPhoneSimulator.Build.0 = Debug|Any CPU
		{FF7B60CA-82D6-4907-85ED-A27395DC93DA}.Debug|iPhoneSimulator.Deploy.0 = Debug|Any CPU
		{FF7B60CA-82D6-4907-85ED-A27395DC93DA}.Release|Any CPU.ActiveCfg = Release|Any CPU
		{FF7B60CA-82D6-4907-85ED-A27395DC93DA}.Release|Any CPU.Build.0 = Release|Any CPU
		{FF7B60CA-82D6-4907-85ED-A27395DC93DA}.Release|Any CPU.Deploy.0 = Release|Any CPU
		{FF7B60CA-82D6-4907-85ED-A27395DC93DA}.Release|iPhone.ActiveCfg = Release|Any CPU
		{FF7B60CA-82D6-4907-85ED-A27395DC93DA}.Release|iPhone.Build.0 = Release|Any CPU
		{FF7B60CA-82D6-4907-85ED-A27395DC93DA}.Release|iPhone.Deploy.0 = Release|Any CPU
		{FF7B60CA-82D6-4907-85ED-A27395DC93DA}.Release|iPhoneSimulator.ActiveCfg = Release|Any CPU
		{FF7B60CA-82D6-4907-85ED-A27395DC93DA}.Release|iPhoneSimulator.Build.0 = Release|Any CPU
		{FF7B60CA-82D6-4907-85ED-A27395DC93DA}.Release|iPhoneSimulator.Deploy.0 = Release|Any CPU
		{593B8E13-C7C3-4293-BE64-62D3B6EF99AE}.Ad-Hoc|Any CPU.ActiveCfg = Release|iPhone
		{593B8E13-C7C3-4293-BE64-62D3B6EF99AE}.Ad-Hoc|Any CPU.Build.0 = Release|iPhone
		{593B8E13-C7C3-4293-BE64-62D3B6EF99AE}.Ad-Hoc|iPhone.ActiveCfg = Release|iPhone
		{593B8E13-C7C3-4293-BE64-62D3B6EF99AE}.Ad-Hoc|iPhone.Build.0 = Release|iPhone
		{593B8E13-C7C3-4293-BE64-62D3B6EF99AE}.Ad-Hoc|iPhoneSimulator.ActiveCfg = Release|iPhoneSimulator
		{593B8E13-C7C3-4293-BE64-62D3B6EF99AE}.Ad-Hoc|iPhoneSimulator.Build.0 = Release|iPhoneSimulator
		{593B8E13-C7C3-4293-BE64-62D3B6EF99AE}.AppStore|Any CPU.ActiveCfg = Release|iPhone
		{593B8E13-C7C3-4293-BE64-62D3B6EF99AE}.AppStore|Any CPU.Build.0 = Release|iPhone
		{593B8E13-C7C3-4293-BE64-62D3B6EF99AE}.AppStore|iPhone.ActiveCfg = Release|iPhone
		{593B8E13-C7C3-4293-BE64-62D3B6EF99AE}.AppStore|iPhone.Build.0 = Release|iPhone
		{593B8E13-C7C3-4293-BE64-62D3B6EF99AE}.AppStore|iPhoneSimulator.ActiveCfg = Release|iPhoneSimulator
		{593B8E13-C7C3-4293-BE64-62D3B6EF99AE}.AppStore|iPhoneSimulator.Build.0 = Release|iPhoneSimulator
		{593B8E13-C7C3-4293-BE64-62D3B6EF99AE}.Debug|Any CPU.ActiveCfg = Debug|iPhone
		{593B8E13-C7C3-4293-BE64-62D3B6EF99AE}.Debug|iPhone.ActiveCfg = Debug|iPhone
		{593B8E13-C7C3-4293-BE64-62D3B6EF99AE}.Debug|iPhone.Build.0 = Debug|iPhone
		{593B8E13-C7C3-4293-BE64-62D3B6EF99AE}.Debug|iPhoneSimulator.ActiveCfg = Debug|iPhoneSimulator
		{593B8E13-C7C3-4293-BE64-62D3B6EF99AE}.Debug|iPhoneSimulator.Build.0 = Debug|iPhoneSimulator
		{593B8E13-C7C3-4293-BE64-62D3B6EF99AE}.Release|Any CPU.ActiveCfg = Release|iPhone
		{593B8E13-C7C3-4293-BE64-62D3B6EF99AE}.Release|iPhone.ActiveCfg = Release|iPhone
		{593B8E13-C7C3-4293-BE64-62D3B6EF99AE}.Release|iPhone.Build.0 = Release|iPhone
		{593B8E13-C7C3-4293-BE64-62D3B6EF99AE}.Release|iPhoneSimulator.ActiveCfg = Release|iPhoneSimulator
		{593B8E13-C7C3-4293-BE64-62D3B6EF99AE}.Release|iPhoneSimulator.Build.0 = Release|iPhoneSimulator
	EndGlobalSection
	GlobalSection(SolutionProperties) = preSolution
		HideSolutionNode = FALSE
	EndGlobalSection
	GlobalSection(ExtensibilityGlobals) = postSolution
		SolutionGuid = {612FEC74-F5A9-4113-9A8E-058F01F77B13}
	EndGlobalSection
EndGlobal
